
Microsoft Visual Studio Solution File, Format Version 12.00
# Visual Studio Version 17
VisualStudioVersion = 17.3.32922.545
MinimumVisualStudioVersion = 10.0.40219.1
Project("{FAE04EC0-301F-11D3-BF4B-00C04F79EFBC}") = "Hastane", "Hastane\Hastane.csproj", "{1FDD25EA-52E0-4CF3-992A-9362BAC141BE}"
EndProject
Global
	GlobalSection(SolutionConfigurationPlatforms) = preSolution
		Debug|Any CPU = Debug|Any CPU
		Release|Any CPU = Release|Any CPU
	EndGlobalSection
	GlobalSection(ProjectConfigurationPlatforms) = postSolution
		{1FDD25EA-52E0-4CF3-992A-9362BAC141BE}.Debug|Any CPU.ActiveCfg = Debug|Any CPU
		{1FDD25EA-52E0-4CF3-992A-9362BAC141BE}.Debug|Any CPU.Build.0 = Debug|Any CPU
		{1FDD25EA-52E0-4CF3-992A-9362BAC141BE}.Release|Any CPU.ActiveCfg = Release|Any CPU
		{1FDD25EA-52E0-4CF3-992A-9362BAC141BE}.Release|Any CPU.Build.0 = Release|Any CPU
	EndGlobalSection
	GlobalSection(SolutionProperties) = preSolution
		HideSolutionNode = FALSE
	EndGlobalSection
	GlobalSection(ExtensibilityGlobals) = postSolution
		SolutionGuid = {51B9D4F7-1BBB-4836-A79B-19836C2B49B4}
	EndGlobalSection
EndGlobal
